# This file is automatically @generated by Cargo.
# It is not intended for manual editing.
version = 4

[[package]]
name = "framefinery"
version = "0.0.3"
dependencies = [
 "framefinery-codecs",
 "framefinery-api",
]

[[package]]
name = "framefinery-codecs"
version = "0.0.3"
dependencies = [
 "framefinery-api",
]

[[package]]
name = "framefinery-api"
version = "0.0.3"

[[package]]
name = "framefinery-wasm-target"
version = "0.0.3"
dependencies = [
 "framefinery",
]
